// !$*UTF8*$!
{
	archiveVersion = 1;
	classes = {
	};
	objectVersion = 46;
	objects = {

/* Begin PBXBuildFile section */
		18CFE0BD1BA114C0004476DD /* pickerColorWheel.png in Resources */ = {isa = PBXBuildFile; fileRef = 18CFE0BC1BA114C0004476DD /* pickerColorWheel.png */; };
		CC58A0901D45A5CA00AF541B /* AdSupport.framework in Frameworks */ = {isa = PBXBuildFile; fileRef = CC58A08F1D45A5CA00AF541B /* AdSupport.framework */; };
		FD85BD7E17703101000F4790 /* UIKit.framework in Frameworks */ = {isa = PBXBuildFile; fileRef = FD85BD7D17703101000F4790 /* UIKit.framework */; };
		FD85BD8017703101000F4790 /* Foundation.framework in Frameworks */ = {isa = PBXBuildFile; fileRef = FD85BD7F17703101000F4790 /* Foundation.framework */; };
		FD85BD8217703101000F4790 /* CoreGraphics.framework in Frameworks */ = {isa = PBXBuildFile; fileRef = FD85BD8117703101000F4790 /* CoreGraphics.framework */; };
		FD85BD8817703101000F4790 /* InfoPlist.strings in Resources */ = {isa = PBXBuildFile; fileRef = FD85BD8617703101000F4790 /* InfoPlist.strings */; };
		FD85BD8A17703101000F4790 /* main.m in Sources */ = {isa = PBXBuildFile; fileRef = FD85BD8917703101000F4790 /* main.m */; };
		FD85BD8E17703101000F4790 /* AppDelegate.m in Sources */ = {isa = PBXBuildFile; fileRef = FD85BD8D17703101000F4790 /* AppDelegate.m */; };
		FD85BD9017703101000F4790 /* Default.png in Resources */ = {isa = PBXBuildFile; fileRef = FD85BD8F17703101000F4790 /* Default.png */; };
		FD85BD9217703101000F4790 /* Default@2x.png in Resources */ = {isa = PBXBuildFile; fileRef = FD85BD9117703101000F4790 /* Default@2x.png */; };
		FD85BD9417703101000F4790 /* Default-568h@2x.png in Resources */ = {isa = PBXBuildFile; fileRef = FD85BD9317703101000F4790 /* Default-568h@2x.png */; };
		FD85BD9717703101000F4790 /* MainStoryboard.storyboard in Resources */ = {isa = PBXBuildFile; fileRef = FD85BD9517703101000F4790 /* MainStoryboard.storyboard */; };
		FD85BD9A17703101000F4790 /* ViewController.m in Sources */ = {isa = PBXBuildFile; fileRef = FD85BD9917703101000F4790 /* ViewController.m */; };
		FD85BDA21770317B000F4790 /* Palette.m in Sources */ = {isa = PBXBuildFile; fileRef = FD85BDA11770317B000F4790 /* Palette.m */; };
		FD85BDA517703202000F4790 /* 全色.png in Resources */ = {isa = PBXBuildFile; fileRef = FD85BDA317703202000F4790 /* 全色.png */; };
		FD85BDA617703202000F4790 /* 全色@2x.png in Resources */ = {isa = PBXBuildFile; fileRef = FD85BDA417703202000F4790 /* 全色@2x.png */; };
		FD85BDA9177037AF000F4790 /* ColorDisplayView.m in Sources */ = {isa = PBXBuildFile; fileRef = FD85BDA8177037AF000F4790 /* ColorDisplayView.m */; };
		FD85BDAC17703ED2000F4790 /* SevenColorView.m in Sources */ = {isa = PBXBuildFile; fileRef = FD85BDAB17703ED2000F4790 /* SevenColorView.m */; };
		FD85BDAF1770545D000F4790 /* RGBView.m in Sources */ = {isa = PBXBuildFile; fileRef = FD85BDAE1770545D000F4790 /* RGBView.m */; };
/* End PBXBuildFile section */

/* Begin PBXFileReference section */
		18CFE0BC1BA114C0004476DD /* pickerColorWheel.png */ = {isa = PBXFileReference; lastKnownFileType = image.png; path = pickerColorWheel.png; sourceTree = "<group>"; };
		CC58A08F1D45A5CA00AF541B /* AdSupport.framework */ = {isa = PBXFileReference; lastKnownFileType = wrapper.framework; name = AdSupport.framework; path = System/Library/Frameworks/AdSupport.framework; sourceTree = SDKROOT; };
		FD85BD7A17703101000F4790 /* 调色板.app */ = {isa = PBXFileReference; explicitFileType = wrapper.application; includeInIndex = 0; path = "调色板.app"; sourceTree = BUILT_PRODUCTS_DIR; };
		FD85BD7D17703101000F4790 /* UIKit.framework */ = {isa = PBXFileReference; lastKnownFileType = wrapper.framework; name = UIKit.framework; path = System/Library/Frameworks/UIKit.framework; sourceTree = SDKROOT; };
		FD85BD7F17703101000F4790 /* Foundation.framework */ = {isa = PBXFileReference; lastKnownFileType = wrapper.framework; name = Foundation.framework; path = System/Library/Frameworks/Foundation.framework; sourceTree = SDKROOT; };
		FD85BD8117703101000F4790 /* CoreGraphics.framework */ = {isa = PBXFileReference; lastKnownFileType = wrapper.framework; name = CoreGraphics.framework; path = System/Library/Frameworks/CoreGraphics.framework; sourceTree = SDKROOT; };
		FD85BD8517703101000F4790 /* 调色板-Info.plist */ = {isa = PBXFileReference; lastKnownFileType = text.plist.xml; path = "调色板-Info.plist"; sourceTree = "<group>"; };
		FD85BD8717703101000F4790 /* en */ = {isa = PBXFileReference; lastKnownFileType = text.plist.strings; name = en; path = en.lproj/InfoPlist.strings; sourceTree = "<group>"; };
		FD85BD8917703101000F4790 /* main.m */ = {isa = PBXFileReference; lastKnownFileType = sourcecode.c.objc; path = main.m; sourceTree = "<group>"; };
		FD85BD8B17703101000F4790 /* 调色板-Prefix.pch */ = {isa = PBXFileReference; lastKnownFileType = sourcecode.c.h; path = "调色板-Prefix.pch"; sourceTree = "<group>"; };
		FD85BD8C17703101000F4790 /* AppDelegate.h */ = {isa = PBXFileReference; lastKnownFileType = sourcecode.c.h; path = AppDelegate.h; sourceTree = "<group>"; };
		FD85BD8D17703101000F4790 /* AppDelegate.m */ = {isa = PBXFileReference; lastKnownFileType = sourcecode.c.objc; path = AppDelegate.m; sourceTree = "<group>"; };
		FD85BD8F17703101000F4790 /* Default.png */ = {isa = PBXFileReference; lastKnownFileType = image.png; path = Default.png; sourceTree = "<group>"; };
		FD85BD9117703101000F4790 /* Default@2x.png */ = {isa = PBXFileReference; lastKnownFileType = image.png; path = "Default@2x.png"; sourceTree = "<group>"; };
		FD85BD9317703101000F4790 /* Default-568h@2x.png */ = {isa = PBXFileReference; lastKnownFileType = image.png; path = "Default-568h@2x.png"; sourceTree = "<group>"; };
		FD85BD9617703101000F4790 /* en */ = {isa = PBXFileReference; lastKnownFileType = file.storyboard; name = en; path = en.lproj/MainStoryboard.storyboard; sourceTree = "<group>"; };
		FD85BD9817703101000F4790 /* ViewController.h */ = {isa = PBXFileReference; lastKnownFileType = sourcecode.c.h; path = ViewController.h; sourceTree = "<group>"; };
		FD85BD9917703101000F4790 /* ViewController.m */ = {isa = PBXFileReference; lastKnownFileType = sourcecode.c.objc; path = ViewController.m; sourceTree = "<group>"; };
		FD85BDA01770317B000F4790 /* Palette.h */ = {isa = PBXFileReference; fileEncoding = 4; lastKnownFileType = sourcecode.c.h; path = Palette.h; sourceTree = "<group>"; };
		FD85BDA11770317B000F4790 /* Palette.m */ = {isa = PBXFileReference; fileEncoding = 4; lastKnownFileType = sourcecode.c.objc; path = Palette.m; sourceTree = "<group>"; };
		FD85BDA317703202000F4790 /* 全色.png */ = {isa = PBXFileReference; lastKnownFileType = image.png; path = "全色.png"; sourceTree = "<group>"; };
		FD85BDA417703202000F4790 /* 全色@2x.png */ = {isa = PBXFileReference; lastKnownFileType = image.png; path = "全色@2x.png"; sourceTree = "<group>"; };
		FD85BDA7177037AF000F4790 /* ColorDisplayView.h */ = {isa = PBXFileReference; fileEncoding = 4; lastKnownFileType = sourcecode.c.h; path = ColorDisplayView.h; sourceTree = "<group>"; };
		FD85BDA8177037AF000F4790 /* ColorDisplayView.m */ = {isa = PBXFileReference; fileEncoding = 4; lastKnownFileType = sourcecode.c.objc; path = ColorDisplayView.m; sourceTree = "<group>"; };
		FD85BDAA17703ED2000F4790 /* SevenColorView.h */ = {isa = PBXFileReference; fileEncoding = 4; lastKnownFileType = sourcecode.c.h; path = SevenColorView.h; sourceTree = "<group>"; };
		FD85BDAB17703ED2000F4790 /* SevenColorView.m */ = {isa = PBXFileReference; fileEncoding = 4; lastKnownFileType = sourcecode.c.objc; path = SevenColorView.m; sourceTree = "<group>"; };
		FD85BDAD1770545D000F4790 /* RGBView.h */ = {isa = PBXFileReference; fileEncoding = 4; lastKnownFileType = sourcecode.c.h; name = RGBView.h; path = ../RGBView.h; sourceTree = "<group>"; };
		FD85BDAE1770545D000F4790 /* RGBView.m */ = {isa = PBXFileReference; fileEncoding = 4; lastKnownFileType = sourcecode.c.objc; name = RGBView.m; path = ../RGBView.m; sourceTree = "<group>"; };
/* End PBXFileReference section */

/* Begin PBXFrameworksBuildPhase section */
		FD85BD7717703101000F4790 /* Frameworks */ = {
			isa = PBXFrameworksBuildPhase;
			buildActionMask = 2147483647;
			files = (
				CC58A0901D45A5CA00AF541B /* AdSupport.framework in Frameworks */,
				FD85BD7E17703101000F4790 /* UIKit.framework in Frameworks */,
				FD85BD8017703101000F4790 /* Foundation.framework in Frameworks */,
				FD85BD8217703101000F4790 /* CoreGraphics.framework in Frameworks */,
			);
			runOnlyForDeploymentPostprocessing = 0;
		};
/* End PBXFrameworksBuildPhase section */

/* Begin PBXGroup section */
		FD85BD7117703101000F4790 = {
			isa = PBXGroup;
			children = (
				FD85BD8317703101000F4790 /* 调色板 */,
				FD85BD7C17703101000F4790 /* Frameworks */,
				FD85BD7B17703101000F4790 /* Products */,
			);
			sourceTree = "<group>";
		};
		FD85BD7B17703101000F4790 /* Products */ = {
			isa = PBXGroup;
			children = (
				FD85BD7A17703101000F4790 /* 调色板.app */,
			);
			name = Products;
			sourceTree = "<group>";
		};
		FD85BD7C17703101000F4790 /* Frameworks */ = {
			isa = PBXGroup;
			children = (
				CC58A08F1D45A5CA00AF541B /* AdSupport.framework */,
				FD85BD7D17703101000F4790 /* UIKit.framework */,
				FD85BD7F17703101000F4790 /* Foundation.framework */,
				FD85BD8117703101000F4790 /* CoreGraphics.framework */,
			);
			name = Frameworks;
			sourceTree = "<group>";
		};
		FD85BD8317703101000F4790 /* 调色板 */ = {
			isa = PBXGroup;
			children = (
				FD85BDA317703202000F4790 /* 全色.png */,
				FD85BDA417703202000F4790 /* 全色@2x.png */,
				18CFE0BC1BA114C0004476DD /* pickerColorWheel.png */,
				FD85BD8C17703101000F4790 /* AppDelegate.h */,
				FD85BD8D17703101000F4790 /* AppDelegate.m */,
				FD85BD9517703101000F4790 /* MainStoryboard.storyboard */,
				FD85BD9817703101000F4790 /* ViewController.h */,
				FD85BD9917703101000F4790 /* ViewController.m */,
				FD85BD8417703101000F4790 /* Supporting Files */,
				FD85BDA01770317B000F4790 /* Palette.h */,
				FD85BDA11770317B000F4790 /* Palette.m */,
				FD85BDA7177037AF000F4790 /* ColorDisplayView.h */,
				FD85BDA8177037AF000F4790 /* ColorDisplayView.m */,
				FD85BDAA17703ED2000F4790 /* SevenColorView.h */,
				FD85BDAB17703ED2000F4790 /* SevenColorView.m */,
				FD85BDAD1770545D000F4790 /* RGBView.h */,
				FD85BDAE1770545D000F4790 /* RGBView.m */,
			);
			path = "调色板";
			sourceTree = "<group>";
		};
		FD85BD8417703101000F4790 /* Supporting Files */ = {
			isa = PBXGroup;
			children = (
				FD85BD8517703101000F4790 /* 调色板-Info.plist */,
				FD85BD8617703101000F4790 /* InfoPlist.strings */,
				FD85BD8917703101000F4790 /* main.m */,
				FD85BD8B17703101000F4790 /* 调色板-Prefix.pch */,
				FD85BD8F17703101000F4790 /* Default.png */,
				FD85BD9117703101000F4790 /* Default@2x.png */,
				FD85BD9317703101000F4790 /* Default-568h@2x.png */,
			);
			name = "Supporting Files";
			sourceTree = "<group>";
		};
/* End PBXGroup section */

/* Begin PBXNativeTarget section */
		FD85BD7917703101000F4790 /* 调色板 */ = {
			isa = PBXNativeTarget;
			buildConfigurationList = FD85BD9D17703101000F4790 /* Build configuration list for PBXNativeTarget "调色板" */;
			buildPhases = (
				FD85BD7617703101000F4790 /* Sources */,
				FD85BD7717703101000F4790 /* Frameworks */,
				FD85BD7817703101000F4790 /* Resources */,
			);
			buildRules = (
			);
			dependencies = (
			);
			name = "调色板";
			productName = "调色板";
			productReference = FD85BD7A17703101000F4790 /* 调色板.app */;
			productType = "com.apple.product-type.application";
		};
/* End PBXNativeTarget section */

/* Begin PBXProject section */
		FD85BD7217703101000F4790 /* Project object */ = {
			isa = PBXProject;
			attributes = {
				LastUpgradeCheck = 0460;
				ORGANIZATIONNAME = long;
			};
			buildConfigurationList = FD85BD7517703101000F4790 /* Build configuration list for PBXProject "调色板" */;
			compatibilityVersion = "Xcode 3.2";
			developmentRegion = English;
			hasScannedForEncodings = 0;
			knownRegions = (
				en,
			);
			mainGroup = FD85BD7117703101000F4790;
			productRefGroup = FD85BD7B17703101000F4790 /* Products */;
			projectDirPath = "";
			projectRoot = "";
			targets = (
				FD85BD7917703101000F4790 /* 调色板 */,
			);
		};
/* End PBXProject section */

/* Begin PBXResourcesBuildPhase section */
		FD85BD7817703101000F4790 /* Resources */ = {
			isa = PBXResourcesBuildPhase;
			buildActionMask = 2147483647;
			files = (
				FD85BD8817703101000F4790 /* InfoPlist.strings in Resources */,
				18CFE0BD1BA114C0004476DD /* pickerColorWheel.png in Resources */,
				FD85BD9017703101000F4790 /* Default.png in Resources */,
				FD85BD9217703101000F4790 /* Default@2x.png in Resources */,
				FD85BD9417703101000F4790 /* Default-568h@2x.png in Resources */,
				FD85BD9717703101000F4790 /* MainStoryboard.storyboard in Resources */,
				FD85BDA517703202000F4790 /* 全色.png in Resources */,
				FD85BDA617703202000F4790 /* 全色@2x.png in Resources */,
			);
			runOnlyForDeploymentPostprocessing = 0;
		};
/* End PBXResourcesBuildPhase section */

/* Begin PBXSourcesBuildPhase section */
		FD85BD7617703101000F4790 /* Sources */ = {
			isa = PBXSourcesBuildPhase;
			buildActionMask = 2147483647;
			files = (
				FD85BD8A17703101000F4790 /* main.m in Sources */,
				FD85BD8E17703101000F4790 /* AppDelegate.m in Sources */,
				FD85BD9A17703101000F4790 /* ViewController.m in Sources */,
				FD85BDA21770317B000F4790 /* Palette.m in Sources */,
				FD85BDA9177037AF000F4790 /* ColorDisplayView.m in Sources */,
				FD85BDAC17703ED2000F4790 /* SevenColorView.m in Sources */,
				FD85BDAF1770545D000F4790 /* RGBView.m in Sources */,
			);
			runOnlyForDeploymentPostprocessing = 0;
		};
/* End PBXSourcesBuildPhase section */

/* Begin PBXVariantGroup section */
		FD85BD8617703101000F4790 /* InfoPlist.strings */ = {
			isa = PBXVariantGroup;
			children = (
				FD85BD8717703101000F4790 /* en */,
			);
			name = InfoPlist.strings;
			sourceTree = "<group>";
		};
		FD85BD9517703101000F4790 /* MainStoryboard.storyboard */ = {
			isa = PBXVariantGroup;
			children = (
				FD85BD9617703101000F4790 /* en */,
			);
			name = MainStoryboard.storyboard;
			sourceTree = "<group>";
		};
/* End PBXVariantGroup section */

/* Begin XCBuildConfiguration section */
		FD85BD9B17703101000F4790 /* Debug */ = {
			isa = XCBuildConfiguration;
			buildSettings = {
				ALWAYS_SEARCH_USER_PATHS = NO;
				CLANG_CXX_LANGUAGE_STANDARD = "gnu++0x";
				CLANG_CXX_LIBRARY = "libc++";
				CLANG_ENABLE_OBJC_ARC = YES;
				CLANG_WARN_CONSTANT_CONVERSION = YES;
				CLANG_WARN_EMPTY_BODY = YES;
				CLANG_WARN_ENUM_CONVERSION = YES;
				CLANG_WARN_INT_CONVERSION = YES;
				CLANG_WARN__DUPLICATE_METHOD_MATCH = YES;
				"CODE_SIGN_IDENTITY[sdk=iphoneos*]" = "iPhone Developer";
				COPY_PHASE_STRIP = NO;
				GCC_C_LANGUAGE_STANDARD = gnu99;
				GCC_DYNAMIC_NO_PIC = NO;
				GCC_OPTIMIZATION_LEVEL = 0;
				GCC_PREPROCESSOR_DEFINITIONS = (
					"DEBUG=1",
					"$(inherited)",
				);
				GCC_SYMBOLS_PRIVATE_EXTERN = NO;
				GCC_WARN_ABOUT_RETURN_TYPE = YES;
				GCC_WARN_UNINITIALIZED_AUTOS = YES;
				GCC_WARN_UNUSED_VARIABLE = YES;
				IPHONEOS_DEPLOYMENT_TARGET = 6.1;
				ONLY_ACTIVE_ARCH = YES;
				SDKROOT = iphoneos;
			};
			name = Debug;
		};
		FD85BD9C17703101000F4790 /* Release */ = {
			isa = XCBuildConfiguration;
			buildSettings = {
				ALWAYS_SEARCH_USER_PATHS = NO;
				CLANG_CXX_LANGUAGE_STANDARD = "gnu++0x";
				CLANG_CXX_LIBRARY = "libc++";
				CLANG_ENABLE_OBJC_ARC = YES;
				CLANG_WARN_CONSTANT_CONVERSION = YES;
				CLANG_WARN_EMPTY_BODY = YES;
				CLANG_WARN_ENUM_CONVERSION = YES;
				CLANG_WARN_INT_CONVERSION = YES;
				CLANG_WARN__DUPLICATE_METHOD_MATCH = YES;
				"CODE_SIGN_IDENTITY[sdk=iphoneos*]" = "iPhone Developer";
				COPY_PHASE_STRIP = YES;
				GCC_C_LANGUAGE_STANDARD = gnu99;
				GCC_WARN_ABOUT_RETURN_TYPE = YES;
				GCC_WARN_UNINITIALIZED_AUTOS = YES;
				GCC_WARN_UNUSED_VARIABLE = YES;
				IPHONEOS_DEPLOYMENT_TARGET = 6.1;
				OTHER_CFLAGS = "-DNS_BLOCK_ASSERTIONS=1";
				SDKROOT = iphoneos;
				VALIDATE_PRODUCT = YES;
			};
			name = Release;
		};
		FD85BD9E17703101000F4790 /* Debug */ = {
			isa = XCBuildConfiguration;
			buildSettings = {
				GCC_PRECOMPILE_PREFIX_HEADER = YES;
				GCC_PREFIX_HEADER = "调色板/调色板-Prefix.pch";
				INFOPLIST_FILE = "调色板/调色板-Info.plist";
				PRODUCT_NAME = "$(TARGET_NAME)";
				WRAPPER_EXTENSION = app;
			};
			name = Debug;
		};
		FD85BD9F17703101000F4790 /* Release */ = {
			isa = XCBuildConfiguration;
			buildSettings = {
				GCC_PRECOMPILE_PREFIX_HEADER = YES;
				GCC_PREFIX_HEADER = "调色板/调色板-Prefix.pch";
				INFOPLIST_FILE = "调色板/调色板-Info.plist";
				PRODUCT_NAME = "$(TARGET_NAME)";
				WRAPPER_EXTENSION = app;
			};
			name = Release;
		};
/* End XCBuildConfiguration section */

/* Begin XCConfigurationList section */
		FD85BD7517703101000F4790 /* Build configuration list for PBXProject "调色板" */ = {
			isa = XCConfigurationList;
			buildConfigurations = (
				FD85BD9B17703101000F4790 /* Debug */,
				FD85BD9C17703101000F4790 /* Release */,
			);
			defaultConfigurationIsVisible = 0;
			defaultConfigurationName = Release;
		};
		FD85BD9D17703101000F4790 /* Build configuration list for PBXNativeTarget "调色板" */ = {
			isa = XCConfigurationList;
			buildConfigurations = (
				FD85BD9E17703101000F4790 /* Debug */,
				FD85BD9F17703101000F4790 /* Release */,
			);
			defaultConfigurationIsVisible = 0;
			defaultConfigurationName = Release;
		};
/* End XCConfigurationList section */
	};
	rootObject = FD85BD7217703101000F4790 /* Project object */;
}
